// !$*UTF8*$!
{
	archiveVersion = 1;
	classes = {
	};
	objectVersion = 50;
	objects = {

/* Begin PBXBuildFile section */
		4B1092C42486201700E4CBBA /* AppDelegate.swift in Sources */ = {isa = PBXBuildFile; fileRef = 4B1092C32486201700E4CBBA /* AppDelegate.swift */; };
		4B1092C62486201700E4CBBA /* SceneDelegate.swift in Sources */ = {isa = PBXBuildFile; fileRef = 4B1092C52486201700E4CBBA /* SceneDelegate.swift */; };
		4B1092C82486201700E4CBBA /* ViewController.swift in Sources */ = {isa = PBXBuildFile; fileRef = 4B1092C72486201700E4CBBA /* ViewController.swift */; };
		4B1092CB2486201700E4CBBA /* Main.storyboard in Resources */ = {isa = PBXBuildFile; fileRef = 4B1092C92486201700E4CBBA /* Main.storyboard */; };
		4B1092CD2486201800E4CBBA /* Assets.xcassets in Resources */ = {isa = PBXBuildFile; fileRef = 4B1092CC2486201800E4CBBA /* Assets.xcassets */; };
		4B1092D02486201800E4CBBA /* LaunchScreen.storyboard in Resources */ = {isa = PBXBuildFile; fileRef = 4B1092CE2486201800E4CBBA /* LaunchScreen.storyboard */; };
/* End PBXBuildFile section */

/* Begin PBXFileReference section */
		4B1092C02486201700E4CBBA /* Audio Sequencer Revamp.app */ = {isa = PBXFileReference; explicitFileType = wrapper.application; includeInIndex = 0; path = "Audio Sequencer Revamp.app"; sourceTree = BUILT_PRODUCTS_DIR; };
		4B1092C32486201700E4CBBA /* AppDelegate.swift */ = {isa = PBXFileReference; lastKnownFileType = sourcecode.swift; path = AppDelegate.swift; sourceTree = "<group>"; };
		4B1092C52486201700E4CBBA /* SceneDelegate.swift */ = {isa = PBXFileReference; lastKnownFileType = sourcecode.swift; path = SceneDelegate.swift; sourceTree = "<group>"; };
		4B1092C72486201700E4CBBA /* ViewController.swift */ = {isa = PBXFileReference; lastKnownFileType = sourcecode.swift; path = ViewController.swift; sourceTree = "<group>"; };
		4B1092CA2486201700E4CBBA /* Base */ = {isa = PBXFileReference; lastKnownFileType = file.storyboard; name = Base; path = Base.lproj/Main.storyboard; sourceTree = "<group>"; };
		4B1092CC2486201800E4CBBA /* Assets.xcassets */ = {isa = PBXFileReference; lastKnownFileType = folder.assetcatalog; path = Assets.xcassets; sourceTree = "<group>"; };
		4B1092CF2486201800E4CBBA /* Base */ = {isa = PBXFileReference; lastKnownFileType = file.storyboard; name = Base; path = Base.lproj/LaunchScreen.storyboard; sourceTree = "<group>"; };
		4B1092D12486201800E4CBBA /* Info.plist */ = {isa = PBXFileReference; lastKnownFileType = text.plist.xml; path = Info.plist; sourceTree = "<group>"; };
/* End PBXFileReference section */

/* Begin PBXFrameworksBuildPhase section */
		4B1092BD2486201700E4CBBA /* Frameworks */ = {
			isa = PBXFrameworksBuildPhase;
			buildActionMask = 2147483647;
			files = (
			);
			runOnlyForDeploymentPostprocessing = 0;
		};
/* End PBXFrameworksBuildPhase section */

/* Begin PBXGroup section */
		4B1092B72486201700E4CBBA = {
			isa = PBXGroup;
			children = (
				4B1092C22486201700E4CBBA /* Audio Sequencer Revamp */,
				4B1092C12486201700E4CBBA /* Products */,
			);
			sourceTree = "<group>";
		};
		4B1092C12486201700E4CBBA /* Products */ = {
			isa = PBXGroup;
			children = (
				4B1092C02486201700E4CBBA /* Audio Sequencer Revamp.app */,
			);
			name = Products;
			sourceTree = "<group>";
		};
		4B1092C22486201700E4CBBA /* Audio Sequencer Revamp */ = {
			isa = PBXGroup;
			children = (
				4B1092C32486201700E4CBBA /* AppDelegate.swift */,
				4B1092C52486201700E4CBBA /* SceneDelegate.swift */,
				4B1092C72486201700E4CBBA /* ViewController.swift */,
				4B1092C92486201700E4CBBA /* Main.storyboard */,
				4B1092CC2486201800E4CBBA /* Assets.xcassets */,
				4B1092CE2486201800E4CBBA /* LaunchScreen.storyboard */,
				4B1092D12486201800E4CBBA /* Info.plist */,
			);
			path = "Audio Sequencer Revamp";
			sourceTree = "<group>";
		};
/* End PBXGroup section */

/* Begin PBXNativeTarget section */
		4B1092BF2486201700E4CBBA /* Audio Sequencer Revamp */ = {
			isa = PBXNativeTarget;
			buildConfigurationList = 4B1092D42486201800E4CBBA /* Build configuration list for PBXNativeTarget "Audio Sequencer Revamp" */;
			buildPhases = (
				4B1092BC2486201700E4CBBA /* Sources */,
				4B1092BD2486201700E4CBBA /* Frameworks */,
				4B1092BE2486201700E4CBBA /* Resources */,
			);
			buildRules = (
			);
			dependencies = (
			);
			name = "Audio Sequencer Revamp";
			productName = "Audio Sequencer Revamp";
			productReference = 4B1092C02486201700E4CBBA /* Audio Sequencer Revamp.app */;
			productType = "com.apple.product-type.application";
		};
/* End PBXNativeTarget section */

/* Begin PBXProject section */
		4B1092B82486201700E4CBBA /* Project object */ = {
			isa = PBXProject;
			attributes = {
				LastSwiftUpdateCheck = 1130;
				LastUpgradeCheck = 1130;
				ORGANIZATIONNAME = "Kenji Sommers";
				TargetAttributes = {
					4B1092BF2486201700E4CBBA = {
						CreatedOnToolsVersion = 11.3.1;
					};
				};
			};
			buildConfigurationList = 4B1092BB2486201700E4CBBA /* Build configuration list for PBXProject "Audio Sequencer Revamp" */;
			compatibilityVersion = "Xcode 9.3";
			developmentRegion = en;
			hasScannedForEncodings = 0;
			knownRegions = (
				en,
				Base,
			);
			mainGroup = 4B1092B72486201700E4CBBA;
			productRefGroup = 4B1092C12486201700E4CBBA /* Products */;
			projectDirPath = "";
			projectRoot = "";
			targets = (
				4B1092BF2486201700E4CBBA /* Audio Sequencer Revamp */,
			);
		};
/* End PBXProject section */

/* Begin PBXResourcesBuildPhase section */
		4B1092BE2486201700E4CBBA /* Resources */ = {
			isa = PBXResourcesBuildPhase;
			buildActionMask = 2147483647;
			files = (
				4B1092D02486201800E4CBBA /* LaunchScreen.storyboard in Resources */,
				4B1092CD2486201800E4CBBA /* Assets.xcassets in Resources */,
				4B1092CB2486201700E4CBBA /* Main.storyboard in Resources */,
			);
			runOnlyForDeploymentPostprocessing = 0;
		};
/* End PBXResourcesBuildPhase section */

/* Begin PBXSourcesBuildPhase section */
		4B1092BC2486201700E4CBBA /* Sources */ = {
			isa = PBXSourcesBuildPhase;
			buildActionMask = 2147483647;
			files = (
				4B1092C82486201700E4CBBA /* ViewController.swift in Sources */,
				4B1092C42486201700E4CBBA /* AppDelegate.swift in Sources */,
				4B1092C62486201700E4CBBA /* SceneDelegate.swift in Sources */,
			);
			runOnlyForDeploymentPostprocessing = 0;
		};
/* End PBXSourcesBuildPhase section */

/* Begin PBXVariantGroup section */
		4B1092C92486201700E4CBBA /* Main.storyboard */ = {
			isa = PBXVariantGroup;
			children = (
				4B1092CA2486201700E4CBBA /* Base */,
			);
			name = Main.storyboard;
			sourceTree = "<group>";
		};
		4B1092CE2486201800E4CBBA /* LaunchScreen.storyboard */ = {
			isa = PBXVariantGroup;
			children = (
				4B1092CF2486201800E4CBBA /* Base */,
			);
			name = LaunchScreen.storyboard;
			sourceTree = "<group>";
		};
/* End PBXVariantGroup section */

/* Begin XCBuildConfiguration section */
		4B1092D22486201800E4CBBA /* Debug */ = {
			isa = XCBuildConfiguration;
			buildSettings = {
				ALWAYS_SEARCH_USER_PATHS = NO;
				CLANG_ANALYZER_NONNULL = YES;
				CLANG_ANALYZER_NUMBER_OBJECT_CONVERSION = YES_AGGRESSIVE;
				CLANG_CXX_LANGUAGE_STANDARD = "gnu++14";
				CLANG_CXX_LIBRARY = "libc++";
				CLANG_ENABLE_MODULES = YES;
				CLANG_ENABLE_OBJC_ARC = YES;
				CLANG_ENABLE_OBJC_WEAK = YES;
				CLANG_WARN_BLOCK_CAPTURE_AUTORELEASING = YES;
				CLANG_WARN_BOOL_CONVERSION = YES;
				CLANG_WARN_COMMA = YES;
				CLANG_WARN_CONSTANT_CONVERSION = YES;
				CLANG_WARN_DEPRECATED_OBJC_IMPLEMENTATIONS = YES;
				CLANG_WARN_DIRECT_OBJC_ISA_USAGE = YES_ERROR;
				CLANG_WARN_DOCUMENTATION_COMMENTS = YES;
				CLANG_WARN_EMPTY_BODY = YES;
				CLANG_WARN_ENUM_CONVERSION = YES;
				CLANG_WARN_INFINITE_RECURSION = YES;
				CLANG_WARN_INT_CONVERSION = YES;
				CLANG_WARN_NON_LITERAL_NULL_CONVERSION = YES;
				CLANG_WARN_OBJC_IMPLICIT_RETAIN_SELF = YES;
				CLANG_WARN_OBJC_LITERAL_CONVERSION = YES;
				CLANG_WARN_OBJC_ROOT_CLASS = YES_ERROR;
				CLANG_WARN_RANGE_LOOP_ANALYSIS = YES;
				CLANG_WARN_STRICT_PROTOTYPES = YES;
				CLANG_WARN_SUSPICIOUS_MOVE = YES;
				CLANG_WARN_UNGUARDED_AVAILABILITY = YES_AGGRESSIVE;
				CLANG_WARN_UNREACHABLE_CODE = YES;
				CLANG_WARN__DUPLICATE_METHOD_MATCH = YES;
				COPY_PHASE_STRIP = NO;
				DEBUG_INFORMATION_FORMAT = dwarf;
				ENABLE_STRICT_OBJC_MSGSEND = YES;
				ENABLE_TESTABILITY = YES;
				GCC_C_LANGUAGE_STANDARD = gnu11;
				GCC_DYNAMIC_NO_PIC = NO;
				GCC_NO_COMMON_BLOCKS = YES;
				GCC_OPTIMIZATION_LEVEL = 0;
				GCC_PREPROCESSOR_DEFINITIONS = (
					"DEBUG=1",
					"$(inherited)",
				);
				GCC_WARN_64_TO_32_BIT_CONVERSION = YES;
				GCC_WARN_ABOUT_RETURN_TYPE = YES_ERROR;
				GCC_WARN_UNDECLARED_SELECTOR = YES;
				GCC_WARN_UNINITIALIZED_AUTOS = YES_AGGRESSIVE;
				GCC_WARN_UNUSED_FUNCTION = YES;
				GCC_WARN_UNUSED_VARIABLE = YES;
				IPHONEOS_DEPLOYMENT_TARGET = 13.2;
				MTL_ENABLE_DEBUG_INFO = INCLUDE_SOURCE;
				MTL_FAST_MATH = YES;
				ONLY_ACTIVE_ARCH = YES;
				SDKROOT = iphoneos;
				SWIFT_ACTIVE_COMPILATION_CONDITIONS = DEBUG;
				SWIFT_OPTIMIZATION_LEVEL = "-Onone";
			};
			name = Debug;
		};
		4B1092D32486201800E4CBBA /* Release */ = {
			isa = XCBuildConfiguration;
			buildSettings = {
				ALWAYS_SEARCH_USER_PATHS = NO;
				CLANG_ANALYZER_NONNULL = YES;
				CLANG_ANALYZER_NUMBER_OBJECT_CONVERSION = YES_AGGRESSIVE;
				CLANG_CXX_LANGUAGE_STANDARD = "gnu++14";
				CLANG_CXX_LIBRARY = "libc++";
				CLANG_ENABLE_MODULES = YES;
				CLANG_ENABLE_OBJC_ARC = YES;
				CLANG_ENABLE_OBJC_WEAK = YES;
				CLANG_WARN_BLOCK_CAPTURE_AUTORELEASING = YES;
				CLANG_WARN_BOOL_CONVERSION = YES;
				CLANG_WARN_COMMA = YES;
				CLANG_WARN_CONSTANT_CONVERSION = YES;
				CLANG_WARN_DEPRECATED_OBJC_IMPLEMENTATIONS = YES;
				CLANG_WARN_DIRECT_OBJC_ISA_USAGE = YES_ERROR;
				CLANG_WARN_DOCUMENTATION_COMMENTS = YES;
				CLANG_WARN_EMPTY_BODY = YES;
				CLANG_WARN_ENUM_CONVERSION = YES;
				CLANG_WARN_INFINITE_RECURSION = YES;
				CLANG_WARN_INT_CONVERSION = YES;
				CLANG_WARN_NON_LITERAL_NULL_CONVERSION = YES;
				CLANG_WARN_OBJC_IMPLICIT_RETAIN_SELF = YES;
				CLANG_WARN_OBJC_LITERAL_CONVERSION = YES;
				CLANG_WARN_OBJC_ROOT_CLASS = YES_ERROR;
				CLANG_WARN_RANGE_LOOP_ANALYSIS = YES;
				CLANG_WARN_STRICT_PROTOTYPES = YES;
				CLANG_WARN_SUSPICIOUS_MOVE = YES;
				CLANG_WARN_UNGUARDED_AVAILABILITY = YES_AGGRESSIVE;
				CLANG_WARN_UNREACHABLE_CODE = YES;
				CLANG_WARN__DUPLICATE_METHOD_MATCH = YES;
				COPY_PHASE_STRIP = NO;
				DEBUG_INFORMATION_FORMAT = "dwarf-with-dsym";
				ENABLE_NS_ASSERTIONS = NO;
				ENABLE_STRICT_OBJC_MSGSEND = YES;
				GCC_C_LANGUAGE_STANDARD = gnu11;
				GCC_NO_COMMON_BLOCKS = YES;
				GCC_WARN_64_TO_32_BIT_CONVERSION = YES;
				GCC_WARN_ABOUT_RETURN_TYPE = YES_ERROR;
				GCC_WARN_UNDECLARED_SELECTOR = YES;
				GCC_WARN_UNINITIALIZED_AUTOS = YES_AGGRESSIVE;
				GCC_WARN_UNUSED_FUNCTION = YES;
				GCC_WARN_UNUSED_VARIABLE = YES;
				IPHONEOS_DEPLOYMENT_TARGET = 13.2;
				MTL_ENABLE_DEBUG_INFO = NO;
				MTL_FAST_MATH = YES;
				SDKROOT = iphoneos;
				SWIFT_COMPILATION_MODE = wholemodule;
				SWIFT_OPTIMIZATION_LEVEL = "-O";
				VALIDATE_PRODUCT = YES;
			};
			name = Release;
		};
		4B1092D52486201800E4CBBA /* Debug */ = {
			isa = XCBuildConfiguration;
			buildSettings = {
				ASSETCATALOG_COMPILER_APPICON_NAME = AppIcon;
				CODE_SIGN_STYLE = Automatic;
				DEVELOPMENT_TEAM = Y78HCQ257B;
				INFOPLIST_FILE = "Audio Sequencer Revamp/Info.plist";
				LD_RUNPATH_SEARCH_PATHS = (
					"$(inherited)",
					"@executable_path/Frameworks",
				);
				PRODUCT_BUNDLE_IDENTIFIER = "com.KenjiSommers.Audio-Sequencer-Revamp";
				PRODUCT_NAME = "$(TARGET_NAME)";
				SWIFT_VERSION = 5.0;
				TARGETED_DEVICE_FAMILY = "1,2";
			};
			name = Debug;
		};
		4B1092D62486201800E4CBBA /* Release */ = {
			isa = XCBuildConfiguration;
			buildSettings = {
				ASSETCATALOG_COMPILER_APPICON_NAME = AppIcon;
				CODE_SIGN_STYLE = Automatic;
				DEVELOPMENT_TEAM = Y78HCQ257B;
				INFOPLIST_FILE = "Audio Sequencer Revamp/Info.plist";
				LD_RUNPATH_SEARCH_PATHS = (
					"$(inherited)",
					"@executable_path/Frameworks",
				);
				PRODUCT_BUNDLE_IDENTIFIER = "com.KenjiSommers.Audio-Sequencer-Revamp";
				PRODUCT_NAME = "$(TARGET_NAME)";
				SWIFT_VERSION = 5.0;
				TARGETED_DEVICE_FAMILY = "1,2";
			};
			name = Release;
		};
/* End XCBuildConfiguration section */

/* Begin XCConfigurationList section */
		4B1092BB2486201700E4CBBA /* Build configuration list for PBXProject "Audio Sequencer Revamp" */ = {
			isa = XCConfigurationList;
			buildConfigurations = (
				4B1092D22486201800E4CBBA /* Debug */,
				4B1092D32486201800E4CBBA /* Release */,
			);
			defaultConfigurationIsVisible = 0;
			defaultConfigurationName = Release;
		};
		4B1092D42486201800E4CBBA /* Build configuration list for PBXNativeTarget "Audio Sequencer Revamp" */ = {
			isa = XCConfigurationList;
			buildConfigurations = (
				4B1092D52486201800E4CBBA /* Debug */,
				4B1092D62486201800E4CBBA /* Release */,
			);
			defaultConfigurationIsVisible = 0;
			defaultConfigurationName = Release;
		};
/* End XCConfigurationList section */
	};
	rootObject = 4B1092B82486201700E4CBBA /* Project object */;
}
